
Microsoft Visual Studio Solution File, Format Version 12.00
# Visual Studio Version 17
VisualStudioVersion = 17.1.32414.318
MinimumVisualStudioVersion = 10.0.40219.1
Project("{FAE04EC0-301F-11D3-BF4B-00C04F79EFBC}") = "EmployeePayRoll", "EmployeePayRoll\EmployeePayRoll.csproj", "{8D5A262B-C8F5-4958-843C-27CA34A554ED}"
EndProject
Global
	GlobalSection(SolutionConfigurationPlatforms) = preSolution
		Debug|Any CPU = Debug|Any CPU
		Release|Any CPU = Release|Any CPU
	EndGlobalSection
	GlobalSection(ProjectConfigurationPlatforms) = postSolution
		{8D5A262B-C8F5-4958-843C-27CA34A554ED}.Debug|Any CPU.ActiveCfg = Debug|Any CPU
		{8D5A262B-C8F5-4958-843C-27CA34A554ED}.Debug|Any CPU.Build.0 = Debug|Any CPU
		{8D5A262B-C8F5-4958-843C-27CA34A554ED}.Release|Any CPU.ActiveCfg = Release|Any CPU
		{8D5A262B-C8F5-4958-843C-27CA34A554ED}.Release|Any CPU.Build.0 = Release|Any CPU
	EndGlobalSection
	GlobalSection(SolutionProperties) = preSolution
		HideSolutionNode = FALSE
	EndGlobalSection
	GlobalSection(ExtensibilityGlobals) = postSolution
		SolutionGuid = {68D06531-53B6-4066-A133-9A4939C94BD8}
	EndGlobalSection
EndGlobal
